# Generated by Dagger. Pins the images and git refs this workspace uses.
# Any Dagger command may update this file; always commit it with your changes.
# Run `dagger workspace update` to refresh the pinned versions.
[["version","2"]]
["","git-latest",["github.com/dagger/go"],"refs/tags/v0.1.0"]
["","git-sha",["github.com/dagger/go","refs/tags/v0.1.0"],"0b68a41656546134aa6b5c0a439fd1ffcd2ecae9"]
["","vanity-url",["https://dagger.io/go"],"https://github.com/dagger/go"]